
Microsoft Visual Studio Solution File, Format Version 12.00
# Visual Studio Version 16
VisualStudioVersion = 16.0.29418.71
MinimumVisualStudioVersion = 10.0.40219.1
Project("{FAE04EC0-301F-11D3-BF4B-00C04F79EFBC}") = "Orange perron chido", "Orange perron chido.csproj", "{9DAFF64B-FEF9-4028-A7EC-F7437EB4BFC0}"
EndProject
Global
	GlobalSection(SolutionConfigurationPlatforms) = preSolution
		Debug|Any CPU = Debug|Any CPU
		Release|Any CPU = Release|Any CPU
	EndGlobalSection
	GlobalSection(ProjectConfigurationPlatforms) = postSolution
		{9DAFF64B-FEF9-4028-A7EC-F7437EB4BFC0}.Debug|Any CPU.ActiveCfg = Debug|Any CPU
		{9DAFF64B-FEF9-4028-A7EC-F7437EB4BFC0}.Debug|Any CPU.Build.0 = Debug|Any CPU
		{9DAFF64B-FEF9-4028-A7EC-F7437EB4BFC0}.Release|Any CPU.ActiveCfg = Release|Any CPU
		{9DAFF64B-FEF9-4028-A7EC-F7437EB4BFC0}.Release|Any CPU.Build.0 = Release|Any CPU
	EndGlobalSection
	GlobalSection(SolutionProperties) = preSolution
		HideSolutionNode = FALSE
	EndGlobalSection
	GlobalSection(ExtensibilityGlobals) = postSolution
		SolutionGuid = {7649D4C0-8393-4787-9FB6-F7329C979C20}
	EndGlobalSection
EndGlobal
